PODS:
  - PKHUD (5.3.0)
  - SnapKit (5.0.1)

DEPENDENCIES:
  - PKHUD (~> 5.0)
  - SnapKit (~> 5.0.0)

SPEC REPOS:
  https://github.com/CocoaPods/Specs.git:
    - PKHUD
    - SnapKit

SPEC CHECKSUMS:
  PKHUD: 98f3e4bc904b9c916f1c5bb6d765365b5357291b
  SnapKit: 97b92857e3df3a0c71833cce143274bf6ef8e5eb

PODFILE CHECKSUM: 99fa92d122a0e04ff7ea723f9a591463425690fd

COCOAPODS: 1.11.2
